// !$*UTF8*$!
{
	archiveVersion = 1;
	classes = {
	};
	objectVersion = 55;
	objects = {

/* Begin PBXBuildFile section */
		9572245328FDDA60006D44D9 /* Ch1CreatingMultiplePreviewsExampleApp.swift in Sources */ = {isa = PBXBuildFile; fileRef = 9572245228FDDA60006D44D9 /* Ch1CreatingMultiplePreviewsExampleApp.swift */; };
		9572245528FDDA60006D44D9 /* ContentView.swift in Sources */ = {isa = PBXBuildFile; fileRef = 9572245428FDDA60006D44D9 /* ContentView.swift */; };
		9572245728FDDA62006D44D9 /* Assets.xcassets in Resources */ = {isa = PBXBuildFile; fileRef = 9572245628FDDA62006D44D9 /* Assets.xcassets */; };
		9572245A28FDDA62006D44D9 /* Preview Assets.xcassets in Resources */ = {isa = PBXBuildFile; fileRef = 9572245928FDDA62006D44D9 /* Preview Assets.xcassets */; };
		9572246428FDDA62006D44D9 /* Ch1CreatingMultiplePreviewsExampleTests.swift in Sources */ = {isa = PBXBuildFile; fileRef = 9572246328FDDA62006D44D9 /* Ch1CreatingMultiplePreviewsExampleTests.swift */; };
		9572246E28FDDA62006D44D9 /* Ch1CreatingMultiplePreviewsExampleUITests.swift in Sources */ = {isa = PBXBuildFile; fileRef = 9572246D28FDDA62006D44D9 /* Ch1CreatingMultiplePreviewsExampleUITests.swift */; };
		9572247028FDDA62006D44D9 /* Ch1CreatingMultiplePreviewsExampleUITestsLaunchTests.swift in Sources */ = {isa = PBXBuildFile; fileRef = 9572246F28FDDA62006D44D9 /* Ch1CreatingMultiplePreviewsExampleUITestsLaunchTests.swift */; };
/* End PBXBuildFile section */

/* Begin PBXContainerItemProxy section */
		9572246028FDDA62006D44D9 /* PBXContainerItemProxy */ = {
			isa = PBXContainerItemProxy;
			containerPortal = 9572244728FDDA60006D44D9 /* Project object */;
			proxyType = 1;
			remoteGlobalIDString = 9572244E28FDDA60006D44D9;
			remoteInfo = Ch1CreatingMultiplePreviewsExample;
		};
		9572246A28FDDA62006D44D9 /* PBXContainerItemProxy */ = {
			isa = PBXContainerItemProxy;
			containerPortal = 9572244728FDDA60006D44D9 /* Project object */;
			proxyType = 1;
			remoteGlobalIDString = 9572244E28FDDA60006D44D9;
			remoteInfo = Ch1CreatingMultiplePreviewsExample;
		};
/* End PBXContainerItemProxy section */

/* Begin PBXFileReference section */
		9572244F28FDDA60006D44D9 /* Ch1CreatingMultiplePreviewsExample.app */ = {isa = PBXFileReference; explicitFileType = wrapper.application; includeInIndex = 0; path = Ch1CreatingMultiplePreviewsExample.app; sourceTree = BUILT_PRODUCTS_DIR; };
		9572245228FDDA60006D44D9 /* Ch1CreatingMultiplePreviewsExampleApp.swift */ = {isa = PBXFileReference; lastKnownFileType = sourcecode.swift; path = Ch1CreatingMultiplePreviewsExampleApp.swift; sourceTree = "<group>"; };
		9572245428FDDA60006D44D9 /* ContentView.swift */ = {isa = PBXFileReference; lastKnownFileType = sourcecode.swift; path = ContentView.swift; sourceTree = "<group>"; };
		9572245628FDDA62006D44D9 /* Assets.xcassets */ = {isa = PBXFileReference; lastKnownFileType = folder.assetcatalog; path = Assets.xcassets; sourceTree = "<group>"; };
		9572245928FDDA62006D44D9 /* Preview Assets.xcassets */ = {isa = PBXFileReference; lastKnownFileType = folder.assetcatalog; path = "Preview Assets.xcassets"; sourceTree = "<group>"; };
		9572245F28FDDA62006D44D9 /* Ch1CreatingMultiplePreviewsExampleTests.xctest */ = {isa = PBXFileReference; explicitFileType = wrapper.cfbundle; includeInIndex = 0; path = Ch1CreatingMultiplePreviewsExampleTests.xctest; sourceTree = BUILT_PRODUCTS_DIR; };
		9572246328FDDA62006D44D9 /* Ch1CreatingMultiplePreviewsExampleTests.swift */ = {isa = PBXFileReference; lastKnownFileType = sourcecode.swift; path = Ch1CreatingMultiplePreviewsExampleTests.swift; sourceTree = "<group>"; };
		9572246928FDDA62006D44D9 /* Ch1CreatingMultiplePreviewsExampleUITests.xctest */ = {isa = PBXFileReference; explicitFileType = wrapper.cfbundle; includeInIndex = 0; path = Ch1CreatingMultiplePreviewsExampleUITests.xctest; sourceTree = BUILT_PRODUCTS_DIR; };
		9572246D28FDDA62006D44D9 /* Ch1CreatingMultiplePreviewsExampleUITests.swift */ = {isa = PBXFileReference; lastKnownFileType = sourcecode.swift; path = Ch1CreatingMultiplePreviewsExampleUITests.swift; sourceTree = "<group>"; };
		9572246F28FDDA62006D44D9 /* Ch1CreatingMultiplePreviewsExampleUITestsLaunchTests.swift */ = {isa = PBXFileReference; lastKnownFileType = sourcecode.swift; path = Ch1CreatingMultiplePreviewsExampleUITestsLaunchTests.swift; sourceTree = "<group>"; };
/* End PBXFileReference section */

/* Begin PBXFrameworksBuildPhase section */
		9572244C28FDDA60006D44D9 /* Frameworks */ = {
			isa = PBXFrameworksBuildPhase;
			buildActionMask = 2147483647;
			files = (
			);
			runOnlyForDeploymentPostprocessing = 0;
		};
		9572245C28FDDA62006D44D9 /* Frameworks */ = {
			isa = PBXFrameworksBuildPhase;
			buildActionMask = 2147483647;
			files = (
			);
			runOnlyForDeploymentPostprocessing = 0;
		};
		9572246628FDDA62006D44D9 /* Frameworks */ = {
			isa = PBXFrameworksBuildPhase;
			buildActionMask = 2147483647;
			files = (
			);
			runOnlyForDeploymentPostprocessing = 0;
		};
/* End PBXFrameworksBuildPhase section */

/* Begin PBXGroup section */
		9572244628FDDA60006D44D9 = {
			isa = PBXGroup;
			children = (
				9572245128FDDA60006D44D9 /* Ch1CreatingMultiplePreviewsExample */,
				9572246228FDDA62006D44D9 /* Ch1CreatingMultiplePreviewsExampleTests */,
				9572246C28FDDA62006D44D9 /* Ch1CreatingMultiplePreviewsExampleUITests */,
				9572245028FDDA60006D44D9 /* Products */,
			);
			sourceTree = "<group>";
		};
		9572245028FDDA60006D44D9 /* Products */ = {
			isa = PBXGroup;
			children = (
				9572244F28FDDA60006D44D9 /* Ch1CreatingMultiplePreviewsExample.app */,
				9572245F28FDDA62006D44D9 /* Ch1CreatingMultiplePreviewsExampleTests.xctest */,
				9572246928FDDA62006D44D9 /* Ch1CreatingMultiplePreviewsExampleUITests.xctest */,
			);
			name = Products;
			sourceTree = "<group>";
		};
		9572245128FDDA60006D44D9 /* Ch1CreatingMultiplePreviewsExample */ = {
			isa = PBXGroup;
			children = (
				9572245228FDDA60006D44D9 /* Ch1CreatingMultiplePreviewsExampleApp.swift */,
				9572245428FDDA60006D44D9 /* ContentView.swift */,
				9572245628FDDA62006D44D9 /* Assets.xcassets */,
				9572245828FDDA62006D44D9 /* Preview Content */,
			);
			path = Ch1CreatingMultiplePreviewsExample;
			sourceTree = "<group>";
		};
		9572245828FDDA62006D44D9 /* Preview Content */ = {
			isa = PBXGroup;
			children = (
				9572245928FDDA62006D44D9 /* Preview Assets.xcassets */,
			);
			path = "Preview Content";
			sourceTree = "<group>";
		};
		9572246228FDDA62006D44D9 /* Ch1CreatingMultiplePreviewsExampleTests */ = {
			isa = PBXGroup;
			children = (
				9572246328FDDA62006D44D9 /* Ch1CreatingMultiplePreviewsExampleTests.swift */,
			);
			path = Ch1CreatingMultiplePreviewsExampleTests;
			sourceTree = "<group>";
		};
		9572246C28FDDA62006D44D9 /* Ch1CreatingMultiplePreviewsExampleUITests */ = {
			isa = PBXGroup;
			children = (
				9572246D28FDDA62006D44D9 /* Ch1CreatingMultiplePreviewsExampleUITests.swift */,
				9572246F28FDDA62006D44D9 /* Ch1CreatingMultiplePreviewsExampleUITestsLaunchTests.swift */,
			);
			path = Ch1CreatingMultiplePreviewsExampleUITests;
			sourceTree = "<group>";
		};
/* End PBXGroup section */

/* Begin PBXNativeTarget section */
		9572244E28FDDA60006D44D9 /* Ch1CreatingMultiplePreviewsExample */ = {
			isa = PBXNativeTarget;
			buildConfigurationList = 9572247328FDDA62006D44D9 /* Build configuration list for PBXNativeTarget "Ch1CreatingMultiplePreviewsExample" */;
			buildPhases = (
				9572244B28FDDA60006D44D9 /* Sources */,
				9572244C28FDDA60006D44D9 /* Frameworks */,
				9572244D28FDDA60006D44D9 /* Resources */,
			);
			buildRules = (
			);
			dependencies = (
			);
			name = Ch1CreatingMultiplePreviewsExample;
			productName = Ch1CreatingMultiplePreviewsExample;
			productReference = 9572244F28FDDA60006D44D9 /* Ch1CreatingMultiplePreviewsExample.app */;
			productType = "com.apple.product-type.application";
		};
		9572245E28FDDA62006D44D9 /* Ch1CreatingMultiplePreviewsExampleTests */ = {
			isa = PBXNativeTarget;
			buildConfigurationList = 9572247628FDDA62006D44D9 /* Build configuration list for PBXNativeTarget "Ch1CreatingMultiplePreviewsExampleTests" */;
			buildPhases = (
				9572245B28FDDA62006D44D9 /* Sources */,
				9572245C28FDDA62006D44D9 /* Frameworks */,
				9572245D28FDDA62006D44D9 /* Resources */,
			);
			buildRules = (
			);
			dependencies = (
				9572246128FDDA62006D44D9 /* PBXTargetDependency */,
			);
			name = Ch1CreatingMultiplePreviewsExampleTests;
			productName = Ch1CreatingMultiplePreviewsExampleTests;
			productReference = 9572245F28FDDA62006D44D9 /* Ch1CreatingMultiplePreviewsExampleTests.xctest */;
			productType = "com.apple.product-type.bundle.unit-test";
		};
		9572246828FDDA62006D44D9 /* Ch1CreatingMultiplePreviewsExampleUITests */ = {
			isa = PBXNativeTarget;
			buildConfigurationList = 9572247928FDDA62006D44D9 /* Build configuration list for PBXNativeTarget "Ch1CreatingMultiplePreviewsExampleUITests" */;
			buildPhases = (
				9572246528FDDA62006D44D9 /* Sources */,
				9572246628FDDA62006D44D9 /* Frameworks */,
				9572246728FDDA62006D44D9 /* Resources */,
			);
			buildRules = (
			);
			dependencies = (
				9572246B28FDDA62006D44D9 /* PBXTargetDependency */,
			);
			name = Ch1CreatingMultiplePreviewsExampleUITests;
			productName = Ch1CreatingMultiplePreviewsExampleUITests;
			productReference = 9572246928FDDA62006D44D9 /* Ch1CreatingMultiplePreviewsExampleUITests.xctest */;
			productType = "com.apple.product-type.bundle.ui-testing";
		};
/* End PBXNativeTarget section */

/* Begin PBXProject section */
		9572244728FDDA60006D44D9 /* Project object */ = {
			isa = PBXProject;
			attributes = {
				BuildIndependentTargetsInParallel = 1;
				LastSwiftUpdateCheck = 1340;
				LastUpgradeCheck = 1340;
				TargetAttributes = {
					9572244E28FDDA60006D44D9 = {
						CreatedOnToolsVersion = 13.4.1;
					};
					9572245E28FDDA62006D44D9 = {
						CreatedOnToolsVersion = 13.4.1;
						TestTargetID = 9572244E28FDDA60006D44D9;
					};
					9572246828FDDA62006D44D9 = {
						CreatedOnToolsVersion = 13.4.1;
						TestTargetID = 9572244E28FDDA60006D44D9;
					};
				};
			};
			buildConfigurationList = 9572244A28FDDA60006D44D9 /* Build configuration list for PBXProject "Ch1CreatingMultiplePreviewsExample" */;
			compatibilityVersion = "Xcode 13.0";
			developmentRegion = en;
			hasScannedForEncodings = 0;
			knownRegions = (
				en,
				Base,
			);
			mainGroup = 9572244628FDDA60006D44D9;
			productRefGroup = 9572245028FDDA60006D44D9 /* Products */;
			projectDirPath = "";
			projectRoot = "";
			targets = (
				9572244E28FDDA60006D44D9 /* Ch1CreatingMultiplePreviewsExample */,
				9572245E28FDDA62006D44D9 /* Ch1CreatingMultiplePreviewsExampleTests */,
				9572246828FDDA62006D44D9 /* Ch1CreatingMultiplePreviewsExampleUITests */,
			);
		};
/* End PBXProject section */

/* Begin PBXResourcesBuildPhase section */
		9572244D28FDDA60006D44D9 /* Resources */ = {
			isa = PBXResourcesBuildPhase;
			buildActionMask = 2147483647;
			files = (
				9572245A28FDDA62006D44D9 /* Preview Assets.xcassets in Resources */,
				9572245728FDDA62006D44D9 /* Assets.xcassets in Resources */,
			);
			runOnlyForDeploymentPostprocessing = 0;
		};
		9572245D28FDDA62006D44D9 /* Resources */ = {
			isa = PBXResourcesBuildPhase;
			buildActionMask = 2147483647;
			files = (
			);
			runOnlyForDeploymentPostprocessing = 0;
		};
		9572246728FDDA62006D44D9 /* Resources */ = {
			isa = PBXResourcesBuildPhase;
			buildActionMask = 2147483647;
			files = (
			);
			runOnlyForDeploymentPostprocessing = 0;
		};
/* End PBXResourcesBuildPhase section */

/* Begin PBXSourcesBuildPhase section */
		9572244B28FDDA60006D44D9 /* Sources */ = {
			isa = PBXSourcesBuildPhase;
			buildActionMask = 2147483647;
			files = (
				9572245528FDDA60006D44D9 /* ContentView.swift in Sources */,
				9572245328FDDA60006D44D9 /* Ch1CreatingMultiplePreviewsExampleApp.swift in Sources */,
			);
			runOnlyForDeploymentPostprocessing = 0;
		};
		9572245B28FDDA62006D44D9 /* Sources */ = {
			isa = PBXSourcesBuildPhase;
			buildActionMask = 2147483647;
			files = (
				9572246428FDDA62006D44D9 /* Ch1CreatingMultiplePreviewsExampleTests.swift in Sources */,
			);
			runOnlyForDeploymentPostprocessing = 0;
		};
		9572246528FDDA62006D44D9 /* Sources */ = {
			isa = PBXSourcesBuildPhase;
			buildActionMask = 2147483647;
			files = (
				9572247028FDDA62006D44D9 /* Ch1CreatingMultiplePreviewsExampleUITestsLaunchTests.swift in Sources */,
				9572246E28FDDA62006D44D9 /* Ch1CreatingMultiplePreviewsExampleUITests.swift in Sources */,
			);
			runOnlyForDeploymentPostprocessing = 0;
		};
/* End PBXSourcesBuildPhase section */

/* Begin PBXTargetDependency section */
		9572246128FDDA62006D44D9 /* PBXTargetDependency */ = {
			isa = PBXTargetDependency;
			target = 9572244E28FDDA60006D44D9 /* Ch1CreatingMultiplePreviewsExample */;
			targetProxy = 9572246028FDDA62006D44D9 /* PBXContainerItemProxy */;
		};
		9572246B28FDDA62006D44D9 /* PBXTargetDependency */ = {
			isa = PBXTargetDependency;
			target = 9572244E28FDDA60006D44D9 /* Ch1CreatingMultiplePreviewsExample */;
			targetProxy = 9572246A28FDDA62006D44D9 /* PBXContainerItemProxy */;
		};
/* End PBXTargetDependency section */

/* Begin XCBuildConfiguration section */
		9572247128FDDA62006D44D9 /* Debug */ = {
			isa = XCBuildConfiguration;
			buildSettings = {
				ALWAYS_SEARCH_USER_PATHS = NO;
				CLANG_ANALYZER_NONNULL = YES;
				CLANG_ANALYZER_NUMBER_OBJECT_CONVERSION = YES_AGGRESSIVE;
				CLANG_CXX_LANGUAGE_STANDARD = "gnu++17";
				CLANG_ENABLE_MODULES = YES;
				CLANG_ENABLE_OBJC_ARC = YES;
				CLANG_ENABLE_OBJC_WEAK = YES;
				CLANG_WARN_BLOCK_CAPTURE_AUTORELEASING = YES;
				CLANG_WARN_BOOL_CONVERSION = YES;
				CLANG_WARN_COMMA = YES;
				CLANG_WARN_CONSTANT_CONVERSION = YES;
				CLANG_WARN_DEPRECATED_OBJC_IMPLEMENTATIONS = YES;
				CLANG_WARN_DIRECT_OBJC_ISA_USAGE = YES_ERROR;
				CLANG_WARN_DOCUMENTATION_COMMENTS = YES;
				CLANG_WARN_EMPTY_BODY = YES;
				CLANG_WARN_ENUM_CONVERSION = YES;
				CLANG_WARN_INFINITE_RECURSION = YES;
				CLANG_WARN_INT_CONVERSION = YES;
				CLANG_WARN_NON_LITERAL_NULL_CONVERSION = YES;
				CLANG_WARN_OBJC_IMPLICIT_RETAIN_SELF = YES;
				CLANG_WARN_OBJC_LITERAL_CONVERSION = YES;
				CLANG_WARN_OBJC_ROOT_CLASS = YES_ERROR;
				CLANG_WARN_QUOTED_INCLUDE_IN_FRAMEWORK_HEADER = YES;
				CLANG_WARN_RANGE_LOOP_ANALYSIS = YES;
				CLANG_WARN_STRICT_PROTOTYPES = YES;
				CLANG_WARN_SUSPICIOUS_MOVE = YES;
				CLANG_WARN_UNGUARDED_AVAILABILITY = YES_AGGRESSIVE;
				CLANG_WARN_UNREACHABLE_CODE = YES;
				CLANG_WARN__DUPLICATE_METHOD_MATCH = YES;
				COPY_PHASE_STRIP = NO;
				DEBUG_INFORMATION_FORMAT = dwarf;
				ENABLE_STRICT_OBJC_MSGSEND = YES;
				ENABLE_TESTABILITY = YES;
				GCC_C_LANGUAGE_STANDARD = gnu11;
				GCC_DYNAMIC_NO_PIC = NO;
				GCC_NO_COMMON_BLOCKS = YES;
				GCC_OPTIMIZATION_LEVEL = 0;
				GCC_PREPROCESSOR_DEFINITIONS = (
					"DEBUG=1",
					"$(inherited)",
				);
				GCC_WARN_64_TO_32_BIT_CONVERSION = YES;
				GCC_WARN_ABOUT_RETURN_TYPE = YES_ERROR;
				GCC_WARN_UNDECLARED_SELECTOR = YES;
				GCC_WARN_UNINITIALIZED_AUTOS = YES_AGGRESSIVE;
				GCC_WARN_UNUSED_FUNCTION = YES;
				GCC_WARN_UNUSED_VARIABLE = YES;
				IPHONEOS_DEPLOYMENT_TARGET = 15.5;
				MTL_ENABLE_DEBUG_INFO = INCLUDE_SOURCE;
				MTL_FAST_MATH = YES;
				ONLY_ACTIVE_ARCH = YES;
				SDKROOT = iphoneos;
				SWIFT_ACTIVE_COMPILATION_CONDITIONS = DEBUG;
				SWIFT_OPTIMIZATION_LEVEL = "-Onone";
			};
			name = Debug;
		};
		9572247228FDDA62006D44D9 /* Release */ = {
			isa = XCBuildConfiguration;
			buildSettings = {
				ALWAYS_SEARCH_USER_PATHS = NO;
				CLANG_ANALYZER_NONNULL = YES;
				CLANG_ANALYZER_NUMBER_OBJECT_CONVERSION = YES_AGGRESSIVE;
				CLANG_CXX_LANGUAGE_STANDARD = "gnu++17";
				CLANG_ENABLE_MODULES = YES;
				CLANG_ENABLE_OBJC_ARC = YES;
				CLANG_ENABLE_OBJC_WEAK = YES;
				CLANG_WARN_BLOCK_CAPTURE_AUTORELEASING = YES;
				CLANG_WARN_BOOL_CONVERSION = YES;
				CLANG_WARN_COMMA = YES;
				CLANG_WARN_CONSTANT_CONVERSION = YES;
				CLANG_WARN_DEPRECATED_OBJC_IMPLEMENTATIONS = YES;
				CLANG_WARN_DIRECT_OBJC_ISA_USAGE = YES_ERROR;
				CLANG_WARN_DOCUMENTATION_COMMENTS = YES;
				CLANG_WARN_EMPTY_BODY = YES;
				CLANG_WARN_ENUM_CONVERSION = YES;
				CLANG_WARN_INFINITE_RECURSION = YES;
				CLANG_WARN_INT_CONVERSION = YES;
				CLANG_WARN_NON_LITERAL_NULL_CONVERSION = YES;
				CLANG_WARN_OBJC_IMPLICIT_RETAIN_SELF = YES;
				CLANG_WARN_OBJC_LITERAL_CONVERSION = YES;
				CLANG_WARN_OBJC_ROOT_CLASS = YES_ERROR;
				CLANG_WARN_QUOTED_INCLUDE_IN_FRAMEWORK_HEADER = YES;
				CLANG_WARN_RANGE_LOOP_ANALYSIS = YES;
				CLANG_WARN_STRICT_PROTOTYPES = YES;
				CLANG_WARN_SUSPICIOUS_MOVE = YES;
				CLANG_WARN_UNGUARDED_AVAILABILITY = YES_AGGRESSIVE;
				CLANG_WARN_UNREACHABLE_CODE = YES;
				CLANG_WARN__DUPLICATE_METHOD_MATCH = YES;
				COPY_PHASE_STRIP = NO;
				DEBUG_INFORMATION_FORMAT = "dwarf-with-dsym";
				ENABLE_NS_ASSERTIONS = NO;
				ENABLE_STRICT_OBJC_MSGSEND = YES;
				GCC_C_LANGUAGE_STANDARD = gnu11;
				GCC_NO_COMMON_BLOCKS = YES;
				GCC_WARN_64_TO_32_BIT_CONVERSION = YES;
				GCC_WARN_ABOUT_RETURN_TYPE = YES_ERROR;
				GCC_WARN_UNDECLARED_SELECTOR = YES;
				GCC_WARN_UNINITIALIZED_AUTOS = YES_AGGRESSIVE;
				GCC_WARN_UNUSED_FUNCTION = YES;
				GCC_WARN_UNUSED_VARIABLE = YES;
				IPHONEOS_DEPLOYMENT_TARGET = 15.5;
				MTL_ENABLE_DEBUG_INFO = NO;
				MTL_FAST_MATH = YES;
				SDKROOT = iphoneos;
				SWIFT_COMPILATION_MODE = wholemodule;
				SWIFT_OPTIMIZATION_LEVEL = "-O";
				VALIDATE_PRODUCT = YES;
			};
			name = Release;
		};
		9572247428FDDA62006D44D9 /* Debug */ = {
			isa = XCBuildConfiguration;
			buildSettings = {
				ASSETCATALOG_COMPILER_APPICON_NAME = AppIcon;
				ASSETCATALOG_COMPILER_GLOBAL_ACCENT_COLOR_NAME = AccentColor;
				CODE_SIGN_STYLE = Automatic;
				CURRENT_PROJECT_VERSION = 1;
				DEVELOPMENT_ASSET_PATHS = "\"Ch1CreatingMultiplePreviewsExample/Preview Content\"";
				DEVELOPMENT_TEAM = 8587GH7B59;
				ENABLE_PREVIEWS = YES;
				GENERATE_INFOPLIST_FILE = YES;
				INFOPLIST_KEY_UIApplicationSceneManifest_Generation = YES;
				INFOPLIST_KEY_UIApplicationSupportsIndirectInputEvents = YES;
				INFOPLIST_KEY_UILaunchScreen_Generation = YES;
				INFOPLIST_KEY_UISupportedInterfaceOrientations_iPad = "UIInterfaceOrientationPortrait UIInterfaceOrientationPortraitUpsideDown UIInterfaceOrientationLandscapeLeft UIInterfaceOrientationLandscapeRight";
				INFOPLIST_KEY_UISupportedInterfaceOrientations_iPhone = "UIInterfaceOrientationPortrait UIInterfaceOrientationLandscapeLeft UIInterfaceOrientationLandscapeRight";
				LD_RUNPATH_SEARCH_PATHS = (
					"$(inherited)",
					"@executable_path/Frameworks",
				);
				MARKETING_VERSION = 1.0;
				PRODUCT_BUNDLE_IDENTIFIER = com.michelefadda.Ch1CreatingMultiplePreviewsExample;
				PRODUCT_NAME = "$(TARGET_NAME)";
				SWIFT_EMIT_LOC_STRINGS = YES;
				SWIFT_VERSION = 5.0;
				TARGETED_DEVICE_FAMILY = "1,2";
			};
			name = Debug;
		};
		9572247528FDDA62006D44D9 /* Release */ = {
			isa = XCBuildConfiguration;
			buildSettings = {
				ASSETCATALOG_COMPILER_APPICON_NAME = AppIcon;
				ASSETCATALOG_COMPILER_GLOBAL_ACCENT_COLOR_NAME = AccentColor;
				CODE_SIGN_STYLE = Automatic;
				CURRENT_PROJECT_VERSION = 1;
				DEVELOPMENT_ASSET_PATHS = "\"Ch1CreatingMultiplePreviewsExample/Preview Content\"";
				DEVELOPMENT_TEAM = 8587GH7B59;
				ENABLE_PREVIEWS = YES;
				GENERATE_INFOPLIST_FILE = YES;
				INFOPLIST_KEY_UIApplicationSceneManifest_Generation = YES;
				INFOPLIST_KEY_UIApplicationSupportsIndirectInputEvents = YES;
				INFOPLIST_KEY_UILaunchScreen_Generation = YES;
				INFOPLIST_KEY_UISupportedInterfaceOrientations_iPad = "UIInterfaceOrientationPortrait UIInterfaceOrientationPortraitUpsideDown UIInterfaceOrientationLandscapeLeft UIInterfaceOrientationLandscapeRight";
				INFOPLIST_KEY_UISupportedInterfaceOrientations_iPhone = "UIInterfaceOrientationPortrait UIInterfaceOrientationLandscapeLeft UIInterfaceOrientationLandscapeRight";
				LD_RUNPATH_SEARCH_PATHS = (
					"$(inherited)",
					"@executable_path/Frameworks",
				);
				MARKETING_VERSION = 1.0;
				PRODUCT_BUNDLE_IDENTIFIER = com.michelefadda.Ch1CreatingMultiplePreviewsExample;
				PRODUCT_NAME = "$(TARGET_NAME)";
				SWIFT_EMIT_LOC_STRINGS = YES;
				SWIFT_VERSION = 5.0;
				TARGETED_DEVICE_FAMILY = "1,2";
			};
			name = Release;
		};
		9572247728FDDA62006D44D9 /* Debug */ = {
			isa = XCBuildConfiguration;
			buildSettings = {
				ALWAYS_EMBED_SWIFT_STANDARD_LIBRARIES = YES;
				BUNDLE_LOADER = "$(TEST_HOST)";
				CODE_SIGN_STYLE = Automatic;
				CURRENT_PROJECT_VERSION = 1;
				DEVELOPMENT_TEAM = 8587GH7B59;
				GENERATE_INFOPLIST_FILE = YES;
				IPHONEOS_DEPLOYMENT_TARGET = 15.5;
				MARKETING_VERSION = 1.0;
				PRODUCT_BUNDLE_IDENTIFIER = com.michelefadda.Ch1CreatingMultiplePreviewsExampleTests;
				PRODUCT_NAME = "$(TARGET_NAME)";
				SWIFT_EMIT_LOC_STRINGS = NO;
				SWIFT_VERSION = 5.0;
				TARGETED_DEVICE_FAMILY = "1,2";
				TEST_HOST = "$(BUILT_PRODUCTS_DIR)/Ch1CreatingMultiplePreviewsExample.app/Ch1CreatingMultiplePreviewsExample";
			};
			name = Debug;
		};
		9572247828FDDA62006D44D9 /* Release */ = {
			isa = XCBuildConfiguration;
			buildSettings = {
				ALWAYS_EMBED_SWIFT_STANDARD_LIBRARIES = YES;
				BUNDLE_LOADER = "$(TEST_HOST)";
				CODE_SIGN_STYLE = Automatic;
				CURRENT_PROJECT_VERSION = 1;
				DEVELOPMENT_TEAM = 8587GH7B59;
				GENERATE_INFOPLIST_FILE = YES;
				IPHONEOS_DEPLOYMENT_TARGET = 15.5;
				MARKETING_VERSION = 1.0;
				PRODUCT_BUNDLE_IDENTIFIER = com.michelefadda.Ch1CreatingMultiplePreviewsExampleTests;
				PRODUCT_NAME = "$(TARGET_NAME)";
				SWIFT_EMIT_LOC_STRINGS = NO;
				SWIFT_VERSION = 5.0;
				TARGETED_DEVICE_FAMILY = "1,2";
				TEST_HOST = "$(BUILT_PRODUCTS_DIR)/Ch1CreatingMultiplePreviewsExample.app/Ch1CreatingMultiplePreviewsExample";
			};
			name = Release;
		};
		9572247A28FDDA62006D44D9 /* Debug */ = {
			isa = XCBuildConfiguration;
			buildSettings = {
				ALWAYS_EMBED_SWIFT_STANDARD_LIBRARIES = YES;
				CODE_SIGN_STYLE = Automatic;
				CURRENT_PROJECT_VERSION = 1;
				DEVELOPMENT_TEAM = 8587GH7B59;
				GENERATE_INFOPLIST_FILE = YES;
				MARKETING_VERSION = 1.0;
				PRODUCT_BUNDLE_IDENTIFIER = com.michelefadda.Ch1CreatingMultiplePreviewsExampleUITests;
				PRODUCT_NAME = "$(TARGET_NAME)";
				SWIFT_EMIT_LOC_STRINGS = NO;
				SWIFT_VERSION = 5.0;
				TARGETED_DEVICE_FAMILY = "1,2";
				TEST_TARGET_NAME = Ch1CreatingMultiplePreviewsExample;
			};
			name = Debug;
		};
		9572247B28FDDA62006D44D9 /* Release */ = {
			isa = XCBuildConfiguration;
			buildSettings = {
				ALWAYS_EMBED_SWIFT_STANDARD_LIBRARIES = YES;
				CODE_SIGN_STYLE = Automatic;
				CURRENT_PROJECT_VERSION = 1;
				DEVELOPMENT_TEAM = 8587GH7B59;
				GENERATE_INFOPLIST_FILE = YES;
				MARKETING_VERSION = 1.0;
				PRODUCT_BUNDLE_IDENTIFIER = com.michelefadda.Ch1CreatingMultiplePreviewsExampleUITests;
				PRODUCT_NAME = "$(TARGET_NAME)";
				SWIFT_EMIT_LOC_STRINGS = NO;
				SWIFT_VERSION = 5.0;
				TARGETED_DEVICE_FAMILY = "1,2";
				TEST_TARGET_NAME = Ch1CreatingMultiplePreviewsExample;
			};
			name = Release;
		};
/* End XCBuildConfiguration section */

/* Begin XCConfigurationList section */
		9572244A28FDDA60006D44D9 /* Build configuration list for PBXProject "Ch1CreatingMultiplePreviewsExample" */ = {
			isa = XCConfigurationList;
			buildConfigurations = (
				9572247128FDDA62006D44D9 /* Debug */,
				9572247228FDDA62006D44D9 /* Release */,
			);
			defaultConfigurationIsVisible = 0;
			defaultConfigurationName = Release;
		};
		9572247328FDDA62006D44D9 /* Build configuration list for PBXNativeTarget "Ch1CreatingMultiplePreviewsExample" */ = {
			isa = XCConfigurationList;
			buildConfigurations = (
				9572247428FDDA62006D44D9 /* Debug */,
				9572247528FDDA62006D44D9 /* Release */,
			);
			defaultConfigurationIsVisible = 0;
			defaultConfigurationName = Release;
		};
		9572247628FDDA62006D44D9 /* Build configuration list for PBXNativeTarget "Ch1CreatingMultiplePreviewsExampleTests" */ = {
			isa = XCConfigurationList;
			buildConfigurations = (
				9572247728FDDA62006D44D9 /* Debug */,
				9572247828FDDA62006D44D9 /* Release */,
			);
			defaultConfigurationIsVisible = 0;
			defaultConfigurationName = Release;
		};
		9572247928FDDA62006D44D9 /* Build configuration list for PBXNativeTarget "Ch1CreatingMultiplePreviewsExampleUITests" */ = {
			isa = XCConfigurationList;
			buildConfigurations = (
				9572247A28FDDA62006D44D9 /* Debug */,
				9572247B28FDDA62006D44D9 /* Release */,
			);
			defaultConfigurationIsVisible = 0;
			defaultConfigurationName = Release;
		};
/* End XCConfigurationList section */
	};
	rootObject = 9572244728FDDA60006D44D9 /* Project object */;
}
